
Microsoft Visual Studio Solution File, Format Version 12.00
# Visual Studio Version 16
VisualStudioVersion = 16.0.30711.63
MinimumVisualStudioVersion = 10.0.40219.1
Project("{FAE04EC0-301F-11D3-BF4B-00C04F79EFBC}") = "clasesTarea", "clasesTarea\clasesTarea.csproj", "{594A8C29-8B9F-42F3-9E79-7A18390071ED}"
EndProject
Global
	GlobalSection(SolutionConfigurationPlatforms) = preSolution
		Debug|Any CPU = Debug|Any CPU
		Release|Any CPU = Release|Any CPU
	EndGlobalSection
	GlobalSection(ProjectConfigurationPlatforms) = postSolution
		{594A8C29-8B9F-42F3-9E79-7A18390071ED}.Debug|Any CPU.ActiveCfg = Debug|Any CPU
		{594A8C29-8B9F-42F3-9E79-7A18390071ED}.Debug|Any CPU.Build.0 = Debug|Any CPU
		{594A8C29-8B9F-42F3-9E79-7A18390071ED}.Release|Any CPU.ActiveCfg = Release|Any CPU
		{594A8C29-8B9F-42F3-9E79-7A18390071ED}.Release|Any CPU.Build.0 = Release|Any CPU
	EndGlobalSection
	GlobalSection(SolutionProperties) = preSolution
		HideSolutionNode = FALSE
	EndGlobalSection
	GlobalSection(ExtensibilityGlobals) = postSolution
		SolutionGuid = {51C1FC17-6624-494D-A508-8AED131F1644}
	EndGlobalSection
EndGlobal
